
Microsoft Visual Studio Solution File, Format Version 12.00
# Visual Studio Version 16
VisualStudioVersion = 16.0.30907.101
MinimumVisualStudioVersion = 10.0.40219.1
Project("{FAE04EC0-301F-11D3-BF4B-00C04F79EFBC}") = "CIMArchitecture", "CIMArchitecture\CIMArchitecture.csproj", "{8A56989A-F332-47A2-A1EA-A7D6CB33F7D7}"
EndProject
Global
	GlobalSection(SolutionConfigurationPlatforms) = preSolution
		Debug|Any CPU = Debug|Any CPU
		Release|Any CPU = Release|Any CPU
	EndGlobalSection
	GlobalSection(ProjectConfigurationPlatforms) = postSolution
		{8A56989A-F332-47A2-A1EA-A7D6CB33F7D7}.Debug|Any CPU.ActiveCfg = Debug|Any CPU
		{8A56989A-F332-47A2-A1EA-A7D6CB33F7D7}.Debug|Any CPU.Build.0 = Debug|Any CPU
		{8A56989A-F332-47A2-A1EA-A7D6CB33F7D7}.Release|Any CPU.ActiveCfg = Release|Any CPU
		{8A56989A-F332-47A2-A1EA-A7D6CB33F7D7}.Release|Any CPU.Build.0 = Release|Any CPU
	EndGlobalSection
	GlobalSection(SolutionProperties) = preSolution
		HideSolutionNode = FALSE
	EndGlobalSection
	GlobalSection(ExtensibilityGlobals) = postSolution
		SolutionGuid = {1DD71BCC-EC1A-479C-8590-F1E9E2D2B683}
	EndGlobalSection
EndGlobal
